{
  "requires": true,
  "lockfileVersion": 1,
  "dependencies": {
    "core-js": {
      "version": "3.6.5",
      "resolved": "https://registry.npmjs.org/core-js/-/core-js-3.6.5.tgz",
      "integrity": "sha512-vZVEEwZoIsI+vPEuoF9Iqf5H7/M3eeQqWlQnYa8FSKKePuYTf5MWnxb5SDAzCa60b3JBRS5g9b+Dq7b1y/RCrA=="
    },
    "vee-validate": {
      "version": "3.3.7",
      "resolved": "https://registry.npmjs.org/vee-validate/-/vee-validate-3.3.7.tgz",
      "integrity": "sha512-s0CfIO8U+YSAzn7q+WnNtPignsndWKQlrbp8qbJ/zCw6QMO/OKDxhFXYRdWeNWRbRktVGCkiIaYktQiY/YL3TQ=="
    }
  }
}
